
Microsoft Visual Studio Solution File, Format Version 12.00
# Visual Studio Version 17
VisualStudioVersion = 17.0.31903.59
MinimumVisualStudioVersion = 10.0.40219.1
Project("{FAE04EC0-301F-11D3-BF4B-00C04F79EFBC}") = "HelloBlazor", "HelloBlazor\HelloBlazor.csproj", "{C3E6A4D3-8D11-4065-8A1F-203037570D6C}"
EndProject
Project("{FAE04EC0-301F-11D3-BF4B-00C04F79EFBC}") = "HelloAngular", "HelloAngular\HelloAngular.csproj", "{37D04B8F-F3FC-486E-BBEE-3F0B4B8DF0A3}"
EndProject
Global
	GlobalSection(SolutionConfigurationPlatforms) = preSolution
		Debug|Any CPU = Debug|Any CPU
		Release|Any CPU = Release|Any CPU
	EndGlobalSection
	GlobalSection(ProjectConfigurationPlatforms) = postSolution
		{C3E6A4D3-8D11-4065-8A1F-203037570D6C}.Debug|Any CPU.ActiveCfg = Debug|Any CPU
		{C3E6A4D3-8D11-4065-8A1F-203037570D6C}.Debug|Any CPU.Build.0 = Debug|Any CPU
		{C3E6A4D3-8D11-4065-8A1F-203037570D6C}.Release|Any CPU.ActiveCfg = Release|Any CPU
		{C3E6A4D3-8D11-4065-8A1F-203037570D6C}.Release|Any CPU.Build.0 = Release|Any CPU
		{37D04B8F-F3FC-486E-BBEE-3F0B4B8DF0A3}.Debug|Any CPU.ActiveCfg = Debug|Any CPU
		{37D04B8F-F3FC-486E-BBEE-3F0B4B8DF0A3}.Debug|Any CPU.Build.0 = Debug|Any CPU
		{37D04B8F-F3FC-486E-BBEE-3F0B4B8DF0A3}.Release|Any CPU.ActiveCfg = Release|Any CPU
		{37D04B8F-F3FC-486E-BBEE-3F0B4B8DF0A3}.Release|Any CPU.Build.0 = Release|Any CPU
	EndGlobalSection
	GlobalSection(SolutionProperties) = preSolution
		HideSolutionNode = FALSE
	EndGlobalSection
	GlobalSection(ExtensibilityGlobals) = postSolution
		SolutionGuid = {A78D7836-F56B-4845-BCBE-71720CB50B05}
	EndGlobalSection
EndGlobal
